// !$*UTF8*$!
{
	archiveVersion = 1;
	classes = {
	};
	objectVersion = 50;
	objects = {

/* Begin PBXBuildFile section */
		C4BA479725BB6CDC00520339 /* AppDelegate.swift in Sources */ = {isa = PBXBuildFile; fileRef = C4BA479625BB6CDC00520339 /* AppDelegate.swift */; };
		C4BA479925BB6CDC00520339 /* SceneDelegate.swift in Sources */ = {isa = PBXBuildFile; fileRef = C4BA479825BB6CDC00520339 /* SceneDelegate.swift */; };
		C4BA479B25BB6CDC00520339 /* ViewController.swift in Sources */ = {isa = PBXBuildFile; fileRef = C4BA479A25BB6CDC00520339 /* ViewController.swift */; };
		C4BA479E25BB6CDC00520339 /* Main.storyboard in Resources */ = {isa = PBXBuildFile; fileRef = C4BA479C25BB6CDC00520339 /* Main.storyboard */; };
		C4BA47A025BB6CDF00520339 /* Assets.xcassets in Resources */ = {isa = PBXBuildFile; fileRef = C4BA479F25BB6CDF00520339 /* Assets.xcassets */; };
		C4BA47A325BB6CDF00520339 /* LaunchScreen.storyboard in Resources */ = {isa = PBXBuildFile; fileRef = C4BA47A125BB6CDF00520339 /* LaunchScreen.storyboard */; };
		C4BA47AE25BB6CE000520339 /* Marvel_CharactersTests.swift in Sources */ = {isa = PBXBuildFile; fileRef = C4BA47AD25BB6CE000520339 /* Marvel_CharactersTests.swift */; };
		C4BA47B925BB6CE000520339 /* Marvel_CharactersUITests.swift in Sources */ = {isa = PBXBuildFile; fileRef = C4BA47B825BB6CE000520339 /* Marvel_CharactersUITests.swift */; };
/* End PBXBuildFile section */

/* Begin PBXContainerItemProxy section */
		C4BA47AA25BB6CE000520339 /* PBXContainerItemProxy */ = {
			isa = PBXContainerItemProxy;
			containerPortal = C4BA478B25BB6CDC00520339 /* Project object */;
			proxyType = 1;
			remoteGlobalIDString = C4BA479225BB6CDC00520339;
			remoteInfo = "Marvel Characters";
		};
		C4BA47B525BB6CE000520339 /* PBXContainerItemProxy */ = {
			isa = PBXContainerItemProxy;
			containerPortal = C4BA478B25BB6CDC00520339 /* Project object */;
			proxyType = 1;
			remoteGlobalIDString = C4BA479225BB6CDC00520339;
			remoteInfo = "Marvel Characters";
		};
/* End PBXContainerItemProxy section */

/* Begin PBXFileReference section */
		C4BA479325BB6CDC00520339 /* Marvel Characters.app */ = {isa = PBXFileReference; explicitFileType = wrapper.application; includeInIndex = 0; path = "Marvel Characters.app"; sourceTree = BUILT_PRODUCTS_DIR; };
		C4BA479625BB6CDC00520339 /* AppDelegate.swift */ = {isa = PBXFileReference; lastKnownFileType = sourcecode.swift; path = AppDelegate.swift; sourceTree = "<group>"; };
		C4BA479825BB6CDC00520339 /* SceneDelegate.swift */ = {isa = PBXFileReference; lastKnownFileType = sourcecode.swift; path = SceneDelegate.swift; sourceTree = "<group>"; };
		C4BA479A25BB6CDC00520339 /* ViewController.swift */ = {isa = PBXFileReference; lastKnownFileType = sourcecode.swift; path = ViewController.swift; sourceTree = "<group>"; };
		C4BA479D25BB6CDC00520339 /* Base */ = {isa = PBXFileReference; lastKnownFileType = file.storyboard; name = Base; path = Base.lproj/Main.storyboard; sourceTree = "<group>"; };
		C4BA479F25BB6CDF00520339 /* Assets.xcassets */ = {isa = PBXFileReference; lastKnownFileType = folder.assetcatalog; path = Assets.xcassets; sourceTree = "<group>"; };
		C4BA47A225BB6CDF00520339 /* Base */ = {isa = PBXFileReference; lastKnownFileType = file.storyboard; name = Base; path = Base.lproj/LaunchScreen.storyboard; sourceTree = "<group>"; };
		C4BA47A425BB6CDF00520339 /* Info.plist */ = {isa = PBXFileReference; lastKnownFileType = text.plist.xml; path = Info.plist; sourceTree = "<group>"; };
		C4BA47A925BB6CE000520339 /* Marvel CharactersTests.xctest */ = {isa = PBXFileReference; explicitFileType = wrapper.cfbundle; includeInIndex = 0; path = "Marvel CharactersTests.xctest"; sourceTree = BUILT_PRODUCTS_DIR; };
		C4BA47AD25BB6CE000520339 /* Marvel_CharactersTests.swift */ = {isa = PBXFileReference; lastKnownFileType = sourcecode.swift; path = Marvel_CharactersTests.swift; sourceTree = "<group>"; };
		C4BA47AF25BB6CE000520339 /* Info.plist */ = {isa = PBXFileReference; lastKnownFileType = text.plist.xml; path = Info.plist; sourceTree = "<group>"; };
		C4BA47B425BB6CE000520339 /* Marvel CharactersUITests.xctest */ = {isa = PBXFileReference; explicitFileType = wrapper.cfbundle; includeInIndex = 0; path = "Marvel CharactersUITests.xctest"; sourceTree = BUILT_PRODUCTS_DIR; };
		C4BA47B825BB6CE000520339 /* Marvel_CharactersUITests.swift */ = {isa = PBXFileReference; lastKnownFileType = sourcecode.swift; path = Marvel_CharactersUITests.swift; sourceTree = "<group>"; };
		C4BA47BA25BB6CE000520339 /* Info.plist */ = {isa = PBXFileReference; lastKnownFileType = text.plist.xml; path = Info.plist; sourceTree = "<group>"; };
/* End PBXFileReference section */

/* Begin PBXFrameworksBuildPhase section */
		C4BA479025BB6CDC00520339 /* Frameworks */ = {
			isa = PBXFrameworksBuildPhase;
			buildActionMask = 2147483647;
			files = (
			);
			runOnlyForDeploymentPostprocessing = 0;
		};
		C4BA47A625BB6CE000520339 /* Frameworks */ = {
			isa = PBXFrameworksBuildPhase;
			buildActionMask = 2147483647;
			files = (
			);
			runOnlyForDeploymentPostprocessing = 0;
		};
		C4BA47B125BB6CE000520339 /* Frameworks */ = {
			isa = PBXFrameworksBuildPhase;
			buildActionMask = 2147483647;
			files = (
			);
			runOnlyForDeploymentPostprocessing = 0;
		};
/* End PBXFrameworksBuildPhase section */

/* Begin PBXGroup section */
		C4BA478A25BB6CDC00520339 = {
			isa = PBXGroup;
			children = (
				C4BA479525BB6CDC00520339 /* Marvel Characters */,
				C4BA47AC25BB6CE000520339 /* Marvel CharactersTests */,
				C4BA47B725BB6CE000520339 /* Marvel CharactersUITests */,
				C4BA479425BB6CDC00520339 /* Products */,
			);
			sourceTree = "<group>";
		};
		C4BA479425BB6CDC00520339 /* Products */ = {
			isa = PBXGroup;
			children = (
				C4BA479325BB6CDC00520339 /* Marvel Characters.app */,
				C4BA47A925BB6CE000520339 /* Marvel CharactersTests.xctest */,
				C4BA47B425BB6CE000520339 /* Marvel CharactersUITests.xctest */,
			);
			name = Products;
			sourceTree = "<group>";
		};
		C4BA479525BB6CDC00520339 /* Marvel Characters */ = {
			isa = PBXGroup;
			children = (
				C4BA479625BB6CDC00520339 /* AppDelegate.swift */,
				C4BA479825BB6CDC00520339 /* SceneDelegate.swift */,
				C4BA479A25BB6CDC00520339 /* ViewController.swift */,
				C4BA479C25BB6CDC00520339 /* Main.storyboard */,
				C4BA479F25BB6CDF00520339 /* Assets.xcassets */,
				C4BA47A125BB6CDF00520339 /* LaunchScreen.storyboard */,
				C4BA47A425BB6CDF00520339 /* Info.plist */,
			);
			path = "Marvel Characters";
			sourceTree = "<group>";
		};
		C4BA47AC25BB6CE000520339 /* Marvel CharactersTests */ = {
			isa = PBXGroup;
			children = (
				C4BA47AD25BB6CE000520339 /* Marvel_CharactersTests.swift */,
				C4BA47AF25BB6CE000520339 /* Info.plist */,
			);
			path = "Marvel CharactersTests";
			sourceTree = "<group>";
		};
		C4BA47B725BB6CE000520339 /* Marvel CharactersUITests */ = {
			isa = PBXGroup;
			children = (
				C4BA47B825BB6CE000520339 /* Marvel_CharactersUITests.swift */,
				C4BA47BA25BB6CE000520339 /* Info.plist */,
			);
			path = "Marvel CharactersUITests";
			sourceTree = "<group>";
		};
/* End PBXGroup section */

/* Begin PBXNativeTarget section */
		C4BA479225BB6CDC00520339 /* Marvel Characters */ = {
			isa = PBXNativeTarget;
			buildConfigurationList = C4BA47BD25BB6CE000520339 /* Build configuration list for PBXNativeTarget "Marvel Characters" */;
			buildPhases = (
				C4BA478F25BB6CDC00520339 /* Sources */,
				C4BA479025BB6CDC00520339 /* Frameworks */,
				C4BA479125BB6CDC00520339 /* Resources */,
			);
			buildRules = (
			);
			dependencies = (
			);
			name = "Marvel Characters";
			productName = "Marvel Characters";
			productReference = C4BA479325BB6CDC00520339 /* Marvel Characters.app */;
			productType = "com.apple.product-type.application";
		};
		C4BA47A825BB6CE000520339 /* Marvel CharactersTests */ = {
			isa = PBXNativeTarget;
			buildConfigurationList = C4BA47C025BB6CE000520339 /* Build configuration list for PBXNativeTarget "Marvel CharactersTests" */;
			buildPhases = (
				C4BA47A525BB6CE000520339 /* Sources */,
				C4BA47A625BB6CE000520339 /* Frameworks */,
				C4BA47A725BB6CE000520339 /* Resources */,
			);
			buildRules = (
			);
			dependencies = (
				C4BA47AB25BB6CE000520339 /* PBXTargetDependency */,
			);
			name = "Marvel CharactersTests";
			productName = "Marvel CharactersTests";
			productReference = C4BA47A925BB6CE000520339 /* Marvel CharactersTests.xctest */;
			productType = "com.apple.product-type.bundle.unit-test";
		};
		C4BA47B325BB6CE000520339 /* Marvel CharactersUITests */ = {
			isa = PBXNativeTarget;
			buildConfigurationList = C4BA47C325BB6CE000520339 /* Build configuration list for PBXNativeTarget "Marvel CharactersUITests" */;
			buildPhases = (
				C4BA47B025BB6CE000520339 /* Sources */,
				C4BA47B125BB6CE000520339 /* Frameworks */,
				C4BA47B225BB6CE000520339 /* Resources */,
			);
			buildRules = (
			);
			dependencies = (
				C4BA47B625BB6CE000520339 /* PBXTargetDependency */,
			);
			name = "Marvel CharactersUITests";
			productName = "Marvel CharactersUITests";
			productReference = C4BA47B425BB6CE000520339 /* Marvel CharactersUITests.xctest */;
			productType = "com.apple.product-type.bundle.ui-testing";
		};
/* End PBXNativeTarget section */

/* Begin PBXProject section */
		C4BA478B25BB6CDC00520339 /* Project object */ = {
			isa = PBXProject;
			attributes = {
				LastSwiftUpdateCheck = 1200;
				LastUpgradeCheck = 1200;
				TargetAttributes = {
					C4BA479225BB6CDC00520339 = {
						CreatedOnToolsVersion = 12.0.1;
					};
					C4BA47A825BB6CE000520339 = {
						CreatedOnToolsVersion = 12.0.1;
						TestTargetID = C4BA479225BB6CDC00520339;
					};
					C4BA47B325BB6CE000520339 = {
						CreatedOnToolsVersion = 12.0.1;
						TestTargetID = C4BA479225BB6CDC00520339;
					};
				};
			};
			buildConfigurationList = C4BA478E25BB6CDC00520339 /* Build configuration list for PBXProject "Marvel Characters" */;
			compatibilityVersion = "Xcode 9.3";
			developmentRegion = en;
			hasScannedForEncodings = 0;
			knownRegions = (
				en,
				Base,
			);
			mainGroup = C4BA478A25BB6CDC00520339;
			productRefGroup = C4BA479425BB6CDC00520339 /* Products */;
			projectDirPath = "";
			projectRoot = "";
			targets = (
				C4BA479225BB6CDC00520339 /* Marvel Characters */,
				C4BA47A825BB6CE000520339 /* Marvel CharactersTests */,
				C4BA47B325BB6CE000520339 /* Marvel CharactersUITests */,
			);
		};
/* End PBXProject section */

/* Begin PBXResourcesBuildPhase section */
		C4BA479125BB6CDC00520339 /* Resources */ = {
			isa = PBXResourcesBuildPhase;
			buildActionMask = 2147483647;
			files = (
				C4BA47A325BB6CDF00520339 /* LaunchScreen.storyboard in Resources */,
				C4BA47A025BB6CDF00520339 /* Assets.xcassets in Resources */,
				C4BA479E25BB6CDC00520339 /* Main.storyboard in Resources */,
			);
			runOnlyForDeploymentPostprocessing = 0;
		};
		C4BA47A725BB6CE000520339 /* Resources */ = {
			isa = PBXResourcesBuildPhase;
			buildActionMask = 2147483647;
			files = (
			);
			runOnlyForDeploymentPostprocessing = 0;
		};
		C4BA47B225BB6CE000520339 /* Resources */ = {
			isa = PBXResourcesBuildPhase;
			buildActionMask = 2147483647;
			files = (
			);
			runOnlyForDeploymentPostprocessing = 0;
		};
/* End PBXResourcesBuildPhase section */

/* Begin PBXSourcesBuildPhase section */
		C4BA478F25BB6CDC00520339 /* Sources */ = {
			isa = PBXSourcesBuildPhase;
			buildActionMask = 2147483647;
			files = (
				C4BA479B25BB6CDC00520339 /* ViewController.swift in Sources */,
				C4BA479725BB6CDC00520339 /* AppDelegate.swift in Sources */,
				C4BA479925BB6CDC00520339 /* SceneDelegate.swift in Sources */,
			);
			runOnlyForDeploymentPostprocessing = 0;
		};
		C4BA47A525BB6CE000520339 /* Sources */ = {
			isa = PBXSourcesBuildPhase;
			buildActionMask = 2147483647;
			files = (
				C4BA47AE25BB6CE000520339 /* Marvel_CharactersTests.swift in Sources */,
			);
			runOnlyForDeploymentPostprocessing = 0;
		};
		C4BA47B025BB6CE000520339 /* Sources */ = {
			isa = PBXSourcesBuildPhase;
			buildActionMask = 2147483647;
			files = (
				C4BA47B925BB6CE000520339 /* Marvel_CharactersUITests.swift in Sources */,
			);
			runOnlyForDeploymentPostprocessing = 0;
		};
/* End PBXSourcesBuildPhase section */

/* Begin PBXTargetDependency section */
		C4BA47AB25BB6CE000520339 /* PBXTargetDependency */ = {
			isa = PBXTargetDependency;
			target = C4BA479225BB6CDC00520339 /* Marvel Characters */;
			targetProxy = C4BA47AA25BB6CE000520339 /* PBXContainerItemProxy */;
		};
		C4BA47B625BB6CE000520339 /* PBXTargetDependency */ = {
			isa = PBXTargetDependency;
			target = C4BA479225BB6CDC00520339 /* Marvel Characters */;
			targetProxy = C4BA47B525BB6CE000520339 /* PBXContainerItemProxy */;
		};
/* End PBXTargetDependency section */

/* Begin PBXVariantGroup section */
		C4BA479C25BB6CDC00520339 /* Main.storyboard */ = {
			isa = PBXVariantGroup;
			children = (
				C4BA479D25BB6CDC00520339 /* Base */,
			);
			name = Main.storyboard;
			sourceTree = "<group>";
		};
		C4BA47A125BB6CDF00520339 /* LaunchScreen.storyboard */ = {
			isa = PBXVariantGroup;
			children = (
				C4BA47A225BB6CDF00520339 /* Base */,
			);
			name = LaunchScreen.storyboard;
			sourceTree = "<group>";
		};
/* End PBXVariantGroup section */

/* Begin XCBuildConfiguration section */
		C4BA47BB25BB6CE000520339 /* Debug */ = {
			isa = XCBuildConfiguration;
			buildSettings = {
				ALWAYS_SEARCH_USER_PATHS = NO;
				CLANG_ANALYZER_NONNULL = YES;
				CLANG_ANALYZER_NUMBER_OBJECT_CONVERSION = YES_AGGRESSIVE;
				CLANG_CXX_LANGUAGE_STANDARD = "gnu++14";
				CLANG_CXX_LIBRARY = "libc++";
				CLANG_ENABLE_MODULES = YES;
				CLANG_ENABLE_OBJC_ARC = YES;
				CLANG_ENABLE_OBJC_WEAK = YES;
				CLANG_WARN_BLOCK_CAPTURE_AUTORELEASING = YES;
				CLANG_WARN_BOOL_CONVERSION = YES;
				CLANG_WARN_COMMA = YES;
				CLANG_WARN_CONSTANT_CONVERSION = YES;
				CLANG_WARN_DEPRECATED_OBJC_IMPLEMENTATIONS = YES;
				CLANG_WARN_DIRECT_OBJC_ISA_USAGE = YES_ERROR;
				CLANG_WARN_DOCUMENTATION_COMMENTS = YES;
				CLANG_WARN_EMPTY_BODY = YES;
				CLANG_WARN_ENUM_CONVERSION = YES;
				CLANG_WARN_INFINITE_RECURSION = YES;
				CLANG_WARN_INT_CONVERSION = YES;
				CLANG_WARN_NON_LITERAL_NULL_CONVERSION = YES;
				CLANG_WARN_OBJC_IMPLICIT_RETAIN_SELF = YES;
				CLANG_WARN_OBJC_LITERAL_CONVERSION = YES;
				CLANG_WARN_OBJC_ROOT_CLASS = YES_ERROR;
				CLANG_WARN_QUOTED_INCLUDE_IN_FRAMEWORK_HEADER = YES;
				CLANG_WARN_RANGE_LOOP_ANALYSIS = YES;
				CLANG_WARN_STRICT_PROTOTYPES = YES;
				CLANG_WARN_SUSPICIOUS_MOVE = YES;
				CLANG_WARN_UNGUARDED_AVAILABILITY = YES_AGGRESSIVE;
				CLANG_WARN_UNREACHABLE_CODE = YES;
				CLANG_WARN__DUPLICATE_METHOD_MATCH = YES;
				COPY_PHASE_STRIP = NO;
				DEBUG_INFORMATION_FORMAT = dwarf;
				ENABLE_STRICT_OBJC_MSGSEND = YES;
				ENABLE_TESTABILITY = YES;
				GCC_C_LANGUAGE_STANDARD = gnu11;
				GCC_DYNAMIC_NO_PIC = NO;
				GCC_NO_COMMON_BLOCKS = YES;
				GCC_OPTIMIZATION_LEVEL = 0;
				GCC_PREPROCESSOR_DEFINITIONS = (
					"DEBUG=1",
					"$(inherited)",
				);
				GCC_WARN_64_TO_32_BIT_CONVERSION = YES;
				GCC_WARN_ABOUT_RETURN_TYPE = YES_ERROR;
				GCC_WARN_UNDECLARED_SELECTOR = YES;
				GCC_WARN_UNINITIALIZED_AUTOS = YES_AGGRESSIVE;
				GCC_WARN_UNUSED_FUNCTION = YES;
				GCC_WARN_UNUSED_VARIABLE = YES;
				IPHONEOS_DEPLOYMENT_TARGET = 14.0;
				MTL_ENABLE_DEBUG_INFO = INCLUDE_SOURCE;
				MTL_FAST_MATH = YES;
				ONLY_ACTIVE_ARCH = YES;
				SDKROOT = iphoneos;
				SWIFT_ACTIVE_COMPILATION_CONDITIONS = DEBUG;
				SWIFT_OPTIMIZATION_LEVEL = "-Onone";
			};
			name = Debug;
		};
		C4BA47BC25BB6CE000520339 /* Release */ = {
			isa = XCBuildConfiguration;
			buildSettings = {
				ALWAYS_SEARCH_USER_PATHS = NO;
				CLANG_ANALYZER_NONNULL = YES;
				CLANG_ANALYZER_NUMBER_OBJECT_CONVERSION = YES_AGGRESSIVE;
				CLANG_CXX_LANGUAGE_STANDARD = "gnu++14";
				CLANG_CXX_LIBRARY = "libc++";
				CLANG_ENABLE_MODULES = YES;
				CLANG_ENABLE_OBJC_ARC = YES;
				CLANG_ENABLE_OBJC_WEAK = YES;
				CLANG_WARN_BLOCK_CAPTURE_AUTORELEASING = YES;
				CLANG_WARN_BOOL_CONVERSION = YES;
				CLANG_WARN_COMMA = YES;
				CLANG_WARN_CONSTANT_CONVERSION = YES;
				CLANG_WARN_DEPRECATED_OBJC_IMPLEMENTATIONS = YES;
				CLANG_WARN_DIRECT_OBJC_ISA_USAGE = YES_ERROR;
				CLANG_WARN_DOCUMENTATION_COMMENTS = YES;
				CLANG_WARN_EMPTY_BODY = YES;
				CLANG_WARN_ENUM_CONVERSION = YES;
				CLANG_WARN_INFINITE_RECURSION = YES;
				CLANG_WARN_INT_CONVERSION = YES;
				CLANG_WARN_NON_LITERAL_NULL_CONVERSION = YES;
				CLANG_WARN_OBJC_IMPLICIT_RETAIN_SELF = YES;
				CLANG_WARN_OBJC_LITERAL_CONVERSION = YES;
				CLANG_WARN_OBJC_ROOT_CLASS = YES_ERROR;
				CLANG_WARN_QUOTED_INCLUDE_IN_FRAMEWORK_HEADER = YES;
				CLANG_WARN_RANGE_LOOP_ANALYSIS = YES;
				CLANG_WARN_STRICT_PROTOTYPES = YES;
				CLANG_WARN_SUSPICIOUS_MOVE = YES;
				CLANG_WARN_UNGUARDED_AVAILABILITY = YES_AGGRESSIVE;
				CLANG_WARN_UNREACHABLE_CODE = YES;
				CLANG_WARN__DUPLICATE_METHOD_MATCH = YES;
				COPY_PHASE_STRIP = NO;
				DEBUG_INFORMATION_FORMAT = "dwarf-with-dsym";
				ENABLE_NS_ASSERTIONS = NO;
				ENABLE_STRICT_OBJC_MSGSEND = YES;
				GCC_C_LANGUAGE_STANDARD = gnu11;
				GCC_NO_COMMON_BLOCKS = YES;
				GCC_WARN_64_TO_32_BIT_CONVERSION = YES;
				GCC_WARN_ABOUT_RETURN_TYPE = YES_ERROR;
				GCC_WARN_UNDECLARED_SELECTOR = YES;
				GCC_WARN_UNINITIALIZED_AUTOS = YES_AGGRESSIVE;
				GCC_WARN_UNUSED_FUNCTION = YES;
				GCC_WARN_UNUSED_VARIABLE = YES;
				IPHONEOS_DEPLOYMENT_TARGET = 14.0;
				MTL_ENABLE_DEBUG_INFO = NO;
				MTL_FAST_MATH = YES;
				SDKROOT = iphoneos;
				SWIFT_COMPILATION_MODE = wholemodule;
				SWIFT_OPTIMIZATION_LEVEL = "-O";
				VALIDATE_PRODUCT = YES;
			};
			name = Release;
		};
		C4BA47BE25BB6CE000520339 /* Debug */ = {
			isa = XCBuildConfiguration;
			buildSettings = {
				ASSETCATALOG_COMPILER_APPICON_NAME = AppIcon;
				ASSETCATALOG_COMPILER_GLOBAL_ACCENT_COLOR_NAME = AccentColor;
				CODE_SIGN_STYLE = Automatic;
				DEVELOPMENT_TEAM = XVB2HAVXTL;
				INFOPLIST_FILE = "Marvel Characters/Info.plist";
				LD_RUNPATH_SEARCH_PATHS = (
					"$(inherited)",
					"@executable_path/Frameworks",
				);
				PRODUCT_BUNDLE_IDENTIFIER = burak.MarvelCharacters;
				PRODUCT_NAME = "$(TARGET_NAME)";
				SWIFT_VERSION = 5.0;
				TARGETED_DEVICE_FAMILY = "1,2";
			};
			name = Debug;
		};
		C4BA47BF25BB6CE000520339 /* Release */ = {
			isa = XCBuildConfiguration;
			buildSettings = {
				ASSETCATALOG_COMPILER_APPICON_NAME = AppIcon;
				ASSETCATALOG_COMPILER_GLOBAL_ACCENT_COLOR_NAME = AccentColor;
				CODE_SIGN_STYLE = Automatic;
				DEVELOPMENT_TEAM = XVB2HAVXTL;
				INFOPLIST_FILE = "Marvel Characters/Info.plist";
				LD_RUNPATH_SEARCH_PATHS = (
					"$(inherited)",
					"@executable_path/Frameworks",
				);
				PRODUCT_BUNDLE_IDENTIFIER = burak.MarvelCharacters;
				PRODUCT_NAME = "$(TARGET_NAME)";
				SWIFT_VERSION = 5.0;
				TARGETED_DEVICE_FAMILY = "1,2";
			};
			name = Release;
		};
		C4BA47C125BB6CE000520339 /* Debug */ = {
			isa = XCBuildConfiguration;
			buildSettings = {
				ALWAYS_EMBED_SWIFT_STANDARD_LIBRARIES = YES;
				BUNDLE_LOADER = "$(TEST_HOST)";
				CODE_SIGN_STYLE = Automatic;
				DEVELOPMENT_TEAM = XVB2HAVXTL;
				INFOPLIST_FILE = "Marvel CharactersTests/Info.plist";
				IPHONEOS_DEPLOYMENT_TARGET = 14.0;
				LD_RUNPATH_SEARCH_PATHS = (
					"$(inherited)",
					"@executable_path/Frameworks",
					"@loader_path/Frameworks",
				);
				PRODUCT_BUNDLE_IDENTIFIER = "burak.Marvel-CharactersTests";
				PRODUCT_NAME = "$(TARGET_NAME)";
				SWIFT_VERSION = 5.0;
				TARGETED_DEVICE_FAMILY = "1,2";
				TEST_HOST = "$(BUILT_PRODUCTS_DIR)/Marvel Characters.app/Marvel Characters";
			};
			name = Debug;
		};
		C4BA47C225BB6CE000520339 /* Release */ = {
			isa = XCBuildConfiguration;
			buildSettings = {
				ALWAYS_EMBED_SWIFT_STANDARD_LIBRARIES = YES;
				BUNDLE_LOADER = "$(TEST_HOST)";
				CODE_SIGN_STYLE = Automatic;
				DEVELOPMENT_TEAM = XVB2HAVXTL;
				INFOPLIST_FILE = "Marvel CharactersTests/Info.plist";
				IPHONEOS_DEPLOYMENT_TARGET = 14.0;
				LD_RUNPATH_SEARCH_PATHS = (
					"$(inherited)",
					"@executable_path/Frameworks",
					"@loader_path/Frameworks",
				);
				PRODUCT_BUNDLE_IDENTIFIER = "burak.Marvel-CharactersTests";
				PRODUCT_NAME = "$(TARGET_NAME)";
				SWIFT_VERSION = 5.0;
				TARGETED_DEVICE_FAMILY = "1,2";
				TEST_HOST = "$(BUILT_PRODUCTS_DIR)/Marvel Characters.app/Marvel Characters";
			};
			name = Release;
		};
		C4BA47C425BB6CE000520339 /* Debug */ = {
			isa = XCBuildConfiguration;
			buildSettings = {
				ALWAYS_EMBED_SWIFT_STANDARD_LIBRARIES = YES;
				CODE_SIGN_STYLE = Automatic;
				DEVELOPMENT_TEAM = XVB2HAVXTL;
				INFOPLIST_FILE = "Marvel CharactersUITests/Info.plist";
				LD_RUNPATH_SEARCH_PATHS = (
					"$(inherited)",
					"@executable_path/Frameworks",
					"@loader_path/Frameworks",
				);
				PRODUCT_BUNDLE_IDENTIFIER = "burak.Marvel-CharactersUITests";
				PRODUCT_NAME = "$(TARGET_NAME)";
				SWIFT_VERSION = 5.0;
				TARGETED_DEVICE_FAMILY = "1,2";
				TEST_TARGET_NAME = "Marvel Characters";
			};
			name = Debug;
		};
		C4BA47C525BB6CE000520339 /* Release */ = {
			isa = XCBuildConfiguration;
			buildSettings = {
				ALWAYS_EMBED_SWIFT_STANDARD_LIBRARIES = YES;
				CODE_SIGN_STYLE = Automatic;
				DEVELOPMENT_TEAM = XVB2HAVXTL;
				INFOPLIST_FILE = "Marvel CharactersUITests/Info.plist";
				LD_RUNPATH_SEARCH_PATHS = (
					"$(inherited)",
					"@executable_path/Frameworks",
					"@loader_path/Frameworks",
				);
				PRODUCT_BUNDLE_IDENTIFIER = "burak.Marvel-CharactersUITests";
				PRODUCT_NAME = "$(TARGET_NAME)";
				SWIFT_VERSION = 5.0;
				TARGETED_DEVICE_FAMILY = "1,2";
				TEST_TARGET_NAME = "Marvel Characters";
			};
			name = Release;
		};
/* End XCBuildConfiguration section */

/* Begin XCConfigurationList section */
		C4BA478E25BB6CDC00520339 /* Build configuration list for PBXProject "Marvel Characters" */ = {
			isa = XCConfigurationList;
			buildConfigurations = (
				C4BA47BB25BB6CE000520339 /* Debug */,
				C4BA47BC25BB6CE000520339 /* Release */,
			);
			defaultConfigurationIsVisible = 0;
			defaultConfigurationName = Release;
		};
		C4BA47BD25BB6CE000520339 /* Build configuration list for PBXNativeTarget "Marvel Characters" */ = {
			isa = XCConfigurationList;
			buildConfigurations = (
				C4BA47BE25BB6CE000520339 /* Debug */,
				C4BA47BF25BB6CE000520339 /* Release */,
			);
			defaultConfigurationIsVisible = 0;
			defaultConfigurationName = Release;
		};
		C4BA47C025BB6CE000520339 /* Build configuration list for PBXNativeTarget "Marvel CharactersTests" */ = {
			isa = XCConfigurationList;
			buildConfigurations = (
				C4BA47C125BB6CE000520339 /* Debug */,
				C4BA47C225BB6CE000520339 /* Release */,
			);
			defaultConfigurationIsVisible = 0;
			defaultConfigurationName = Release;
		};
		C4BA47C325BB6CE000520339 /* Build configuration list for PBXNativeTarget "Marvel CharactersUITests" */ = {
			isa = XCConfigurationList;
			buildConfigurations = (
				C4BA47C425BB6CE000520339 /* Debug */,
				C4BA47C525BB6CE000520339 /* Release */,
			);
			defaultConfigurationIsVisible = 0;
			defaultConfigurationName = Release;
		};
/* End XCConfigurationList section */
	};
	rootObject = C4BA478B25BB6CDC00520339 /* Project object */;
}
